
Microsoft Visual Studio Solution File, Format Version 12.00
# Visual Studio 15
VisualStudioVersion = 15.0.26430.15
MinimumVisualStudioVersion = 10.0.40219.1
Project("{FAE04EC0-301F-11D3-BF4B-00C04F79EFBC}") = "ReportGen", "ReportGen.csproj", "{4A4649CE-383B-4931-B80E-4AB6703839E9}"
EndProject
Project("{FAE04EC0-301F-11D3-BF4B-00C04F79EFBC}") = "ErrorReport", "..\ErrorReport\ErrorReport.csproj", "{A36934BF-DA27-467E-B575-FDFD073EE6E2}"
EndProject
Project("{FAE04EC0-301F-11D3-BF4B-00C04F79EFBC}") = "CheckupExec", "..\UCFSD-master\CheckupExec\CheckupExec.csproj", "{59EC6BCD-6F42-452B-BC48-CB271F107E00}"
EndProject
Global
	GlobalSection(SolutionConfigurationPlatforms) = preSolution
		Debug|Any CPU = Debug|Any CPU
		Release|Any CPU = Release|Any CPU
	EndGlobalSection
	GlobalSection(ProjectConfigurationPlatforms) = postSolution
		{4A4649CE-383B-4931-B80E-4AB6703839E9}.Debug|Any CPU.ActiveCfg = Debug|Any CPU
		{4A4649CE-383B-4931-B80E-4AB6703839E9}.Debug|Any CPU.Build.0 = Debug|Any CPU
		{4A4649CE-383B-4931-B80E-4AB6703839E9}.Release|Any CPU.ActiveCfg = Release|Any CPU
		{4A4649CE-383B-4931-B80E-4AB6703839E9}.Release|Any CPU.Build.0 = Release|Any CPU
		{A36934BF-DA27-467E-B575-FDFD073EE6E2}.Debug|Any CPU.ActiveCfg = Debug|Any CPU
		{A36934BF-DA27-467E-B575-FDFD073EE6E2}.Debug|Any CPU.Build.0 = Debug|Any CPU
		{A36934BF-DA27-467E-B575-FDFD073EE6E2}.Release|Any CPU.ActiveCfg = Release|Any CPU
		{A36934BF-DA27-467E-B575-FDFD073EE6E2}.Release|Any CPU.Build.0 = Release|Any CPU
		{59EC6BCD-6F42-452B-BC48-CB271F107E00}.Debug|Any CPU.ActiveCfg = Debug|Any CPU
		{59EC6BCD-6F42-452B-BC48-CB271F107E00}.Debug|Any CPU.Build.0 = Debug|Any CPU
		{59EC6BCD-6F42-452B-BC48-CB271F107E00}.Release|Any CPU.ActiveCfg = Release|Any CPU
		{59EC6BCD-6F42-452B-BC48-CB271F107E00}.Release|Any CPU.Build.0 = Release|Any CPU
	EndGlobalSection
	GlobalSection(SolutionProperties) = preSolution
		HideSolutionNode = FALSE
	EndGlobalSection
EndGlobal
